
Microsoft Visual Studio Solution File, Format Version 12.00
# Visual Studio Version 17
VisualStudioVersion = 17.1.32407.343
MinimumVisualStudioVersion = 10.0.40219.1
Project("{FAE04EC0-301F-11D3-BF4B-00C04F79EFBC}") = "MTCDict", "MTCDict.csproj", "{A6960917-6321-4028-A273-96A29B604894}"
EndProject
Global
	GlobalSection(SolutionConfigurationPlatforms) = preSolution
		Debug|Any CPU = Debug|Any CPU
		Release|Any CPU = Release|Any CPU
	EndGlobalSection
	GlobalSection(ProjectConfigurationPlatforms) = postSolution
		{A6960917-6321-4028-A273-96A29B604894}.Debug|Any CPU.ActiveCfg = Debug|Any CPU
		{A6960917-6321-4028-A273-96A29B604894}.Debug|Any CPU.Build.0 = Debug|Any CPU
		{A6960917-6321-4028-A273-96A29B604894}.Release|Any CPU.ActiveCfg = Release|Any CPU
		{A6960917-6321-4028-A273-96A29B604894}.Release|Any CPU.Build.0 = Release|Any CPU
	EndGlobalSection
	GlobalSection(SolutionProperties) = preSolution
		HideSolutionNode = FALSE
	EndGlobalSection
	GlobalSection(ExtensibilityGlobals) = postSolution
		SolutionGuid = {5C7195CD-AF7C-4331-BD08-B43B9B5744B5}
	EndGlobalSection
EndGlobal
