
Microsoft Visual Studio Solution File, Format Version 12.00
# Visual Studio Version 17
VisualStudioVersion = 17.1.32407.343
MinimumVisualStudioVersion = 10.0.40219.1
Project("{FAE04EC0-301F-11D3-BF4B-00C04F79EFBC}") = "JTLanguageModelsPortable", "JTLanguageModelsPortable\JTLanguageModelsPortable.csproj", "{496A5B66-4AC0-4A61-AC4A-22A2C002A350}"
EndProject
Project("{FAE04EC0-301F-11D3-BF4B-00C04F79EFBC}") = "Lex.Db.Portable", "LexDb\Lex.Db.Portable\Lex.Db.Portable.csproj", "{F362F6B0-90B4-449B-96F8-8C5D7E950C2C}"
EndProject
Project("{FAE04EC0-301F-11D3-BF4B-00C04F79EFBC}") = "Lex.Db.Net45", "LexDb\Lex.Db.Net45\Lex.Db.Net45.csproj", "{04608184-27B9-42A2-9E5E-69A6CB21ECFE}"
EndProject
Project("{FAE04EC0-301F-11D3-BF4B-00C04F79EFBC}") = "MTCDictMK2", "..\MTCDictMK2\MTCDictMK2.csproj", "{B56FA752-C515-4164-A6AF-99CD0D7B1F7F}"
EndProject
Global
	GlobalSection(SharedMSBuildProjectFiles) = preSolution
		LexDb\Lex.Db.Shared\Lex.Db.Shared.projitems*{04608184-27b9-42a2-9e5e-69a6cb21ecfe}*SharedItemsImports = 4
		LexDb\Lex.Db.Shared\Lex.Db.Shared.projitems*{f362f6b0-90b4-449b-96f8-8c5d7e950c2c}*SharedItemsImports = 4
	EndGlobalSection
	GlobalSection(SolutionConfigurationPlatforms) = preSolution
		Debug|Any CPU = Debug|Any CPU
		Release|Any CPU = Release|Any CPU
	EndGlobalSection
	GlobalSection(ProjectConfigurationPlatforms) = postSolution
		{496A5B66-4AC0-4A61-AC4A-22A2C002A350}.Debug|Any CPU.ActiveCfg = Debug|Any CPU
		{496A5B66-4AC0-4A61-AC4A-22A2C002A350}.Debug|Any CPU.Build.0 = Debug|Any CPU
		{496A5B66-4AC0-4A61-AC4A-22A2C002A350}.Release|Any CPU.ActiveCfg = Release|Any CPU
		{496A5B66-4AC0-4A61-AC4A-22A2C002A350}.Release|Any CPU.Build.0 = Release|Any CPU
		{F362F6B0-90B4-449B-96F8-8C5D7E950C2C}.Debug|Any CPU.ActiveCfg = Debug|Any CPU
		{F362F6B0-90B4-449B-96F8-8C5D7E950C2C}.Debug|Any CPU.Build.0 = Debug|Any CPU
		{F362F6B0-90B4-449B-96F8-8C5D7E950C2C}.Release|Any CPU.ActiveCfg = Release|Any CPU
		{F362F6B0-90B4-449B-96F8-8C5D7E950C2C}.Release|Any CPU.Build.0 = Release|Any CPU
		{04608184-27B9-42A2-9E5E-69A6CB21ECFE}.Debug|Any CPU.ActiveCfg = Debug|Any CPU
		{04608184-27B9-42A2-9E5E-69A6CB21ECFE}.Debug|Any CPU.Build.0 = Debug|Any CPU
		{04608184-27B9-42A2-9E5E-69A6CB21ECFE}.Release|Any CPU.ActiveCfg = Release|Any CPU
		{04608184-27B9-42A2-9E5E-69A6CB21ECFE}.Release|Any CPU.Build.0 = Release|Any CPU
		{B56FA752-C515-4164-A6AF-99CD0D7B1F7F}.Debug|Any CPU.ActiveCfg = Debug|Any CPU
		{B56FA752-C515-4164-A6AF-99CD0D7B1F7F}.Debug|Any CPU.Build.0 = Debug|Any CPU
		{B56FA752-C515-4164-A6AF-99CD0D7B1F7F}.Release|Any CPU.ActiveCfg = Release|Any CPU
		{B56FA752-C515-4164-A6AF-99CD0D7B1F7F}.Release|Any CPU.Build.0 = Release|Any CPU
	EndGlobalSection
	GlobalSection(SolutionProperties) = preSolution
		HideSolutionNode = FALSE
	EndGlobalSection
	GlobalSection(ExtensibilityGlobals) = postSolution
		SolutionGuid = {C46CF572-E48E-4894-AA42-9ADE5E952D1B}
	EndGlobalSection
EndGlobal
